
Microsoft Visual Studio Solution File, Format Version 12.00
# Visual Studio Version 17
VisualStudioVersion = 17.11.35327.3
MinimumVisualStudioVersion = 10.0.40219.1
Project("{FAE04EC0-301F-11D3-BF4B-00C04F79EFBC}") = "MASS.Server", "MASS.Server\MASS.Server.csproj", "{3E5EC1CE-101B-4E4C-81D6-8E1AF86E22A0}"
EndProject
Project("{54A90642-561A-4BB1-A94E-469ADEE60C69}") = "mass.client", "mass.client\mass.client.esproj", "{3BAFDDFC-E943-460E-BAE5-A573F4A3195D}"
EndProject
Global
	GlobalSection(SolutionConfigurationPlatforms) = preSolution
		Debug|Any CPU = Debug|Any CPU
		Release|Any CPU = Release|Any CPU
	EndGlobalSection
	GlobalSection(ProjectConfigurationPlatforms) = postSolution
		{3E5EC1CE-101B-4E4C-81D6-8E1AF86E22A0}.Debug|Any CPU.ActiveCfg = Debug|Any CPU
		{3E5EC1CE-101B-4E4C-81D6-8E1AF86E22A0}.Debug|Any CPU.Build.0 = Debug|Any CPU
		{3E5EC1CE-101B-4E4C-81D6-8E1AF86E22A0}.Release|Any CPU.ActiveCfg = Release|Any CPU
		{3E5EC1CE-101B-4E4C-81D6-8E1AF86E22A0}.Release|Any CPU.Build.0 = Release|Any CPU
		{3BAFDDFC-E943-460E-BAE5-A573F4A3195D}.Debug|Any CPU.ActiveCfg = Debug|Any CPU
		{3BAFDDFC-E943-460E-BAE5-A573F4A3195D}.Debug|Any CPU.Build.0 = Debug|Any CPU
		{3BAFDDFC-E943-460E-BAE5-A573F4A3195D}.Debug|Any CPU.Deploy.0 = Debug|Any CPU
		{3BAFDDFC-E943-460E-BAE5-A573F4A3195D}.Release|Any CPU.ActiveCfg = Release|Any CPU
		{3BAFDDFC-E943-460E-BAE5-A573F4A3195D}.Release|Any CPU.Build.0 = Release|Any CPU
		{3BAFDDFC-E943-460E-BAE5-A573F4A3195D}.Release|Any CPU.Deploy.0 = Release|Any CPU
	EndGlobalSection
	GlobalSection(SolutionProperties) = preSolution
		HideSolutionNode = FALSE
	EndGlobalSection
	GlobalSection(ExtensibilityGlobals) = postSolution
		SolutionGuid = {FD2017B7-29C4-4C16-A2E1-EA5C0A8E8B16}
	EndGlobalSection
EndGlobal
